// !$*UTF8*$!
{
	archiveVersion = 1;
	classes = {
	};
	objectVersion = 56;
	objects = {

/* Begin PBXBuildFile section */
		BB0000000000000000000001 /* AgendaAVApp.swift in Sources */ = {isa = PBXBuildFile; fileRef = FF0000000000000000000001 /* AgendaAVApp.swift */; };
		BB0000000000000000000002 /* ContentView.swift in Sources */ = {isa = PBXBuildFile; fileRef = FF0000000000000000000002 /* ContentView.swift */; };
		BB0000000000000000000003 /* AVStyle.swift in Sources */ = {isa = PBXBuildFile; fileRef = FF0000000000000000000003 /* AVStyle.swift */; };
		BB0000000000000000000004 /* PaymentStatus.swift in Sources */ = {isa = PBXBuildFile; fileRef = FF0000000000000000000004 /* PaymentStatus.swift */; };
		BB0000000000000000000005 /* Company.swift in Sources */ = {isa = PBXBuildFile; fileRef = FF0000000000000000000005 /* Company.swift */; };
		BB0000000000000000000024 /* CatalogService.swift in Sources */ = {isa = PBXBuildFile; fileRef = FF0000000000000000000024 /* CatalogService.swift */; };
		BB0000000000000000000006 /* WorkEvent.swift in Sources */ = {isa = PBXBuildFile; fileRef = FF0000000000000000000006 /* WorkEvent.swift */; };
		BB0000000000000000000027 /* EventReminder.swift in Sources */ = {isa = PBXBuildFile; fileRef = FF0000000000000000000027 /* EventReminder.swift */; };
		BB0000000000000000000007 /* ReportPeriod.swift in Sources */ = {isa = PBXBuildFile; fileRef = FF0000000000000000000007 /* ReportPeriod.swift */; };
		BB0000000000000000000008 /* CalendarDate.swift in Sources */ = {isa = PBXBuildFile; fileRef = FF0000000000000000000008 /* CalendarDate.swift */; };
		BB0000000000000000000026 /* DefaultCatalog.swift in Sources */ = {isa = PBXBuildFile; fileRef = FF0000000000000000000026 /* DefaultCatalog.swift */; };
		BB0000000000000000000009 /* ColorHex.swift in Sources */ = {isa = PBXBuildFile; fileRef = FF0000000000000000000009 /* ColorHex.swift */; };
		BB0000000000000000000010 /* CurrencyFormat.swift in Sources */ = {isa = PBXBuildFile; fileRef = FF0000000000000000000010 /* CurrencyFormat.swift */; };
		BB0000000000000000000011 /* CalendarOccupancy.swift in Sources */ = {isa = PBXBuildFile; fileRef = FF0000000000000000000011 /* CalendarOccupancy.swift */; };
		BB0000000000000000000012 /* ReportCalculator.swift in Sources */ = {isa = PBXBuildFile; fileRef = FF0000000000000000000012 /* ReportCalculator.swift */; };
		BB0000000000000000000013 /* PDFReportRenderer.swift in Sources */ = {isa = PBXBuildFile; fileRef = FF0000000000000000000013 /* PDFReportRenderer.swift */; };
		BB0000000000000000000023 /* InvoicePDFRenderer.swift in Sources */ = {isa = PBXBuildFile; fileRef = FF0000000000000000000023 /* InvoicePDFRenderer.swift */; };
		BB0000000000000000000022 /* PersistenceController.swift in Sources */ = {isa = PBXBuildFile; fileRef = FF0000000000000000000022 /* PersistenceController.swift */; };
		BB0000000000000000000028 /* EventReminderScheduler.swift in Sources */ = {isa = PBXBuildFile; fileRef = FF0000000000000000000028 /* EventReminderScheduler.swift */; };
		BB0000000000000000000014 /* CalendarView.swift in Sources */ = {isa = PBXBuildFile; fileRef = FF0000000000000000000014 /* CalendarView.swift */; };
		BB0000000000000000000015 /* MonthGridView.swift in Sources */ = {isa = PBXBuildFile; fileRef = FF0000000000000000000015 /* MonthGridView.swift */; };
		BB0000000000000000000016 /* DayAgendaView.swift in Sources */ = {isa = PBXBuildFile; fileRef = FF0000000000000000000016 /* DayAgendaView.swift */; };
		BB0000000000000000000017 /* AddEditEventView.swift in Sources */ = {isa = PBXBuildFile; fileRef = FF0000000000000000000017 /* AddEditEventView.swift */; };
		BB0000000000000000000025 /* ServiceEditorSheet.swift in Sources */ = {isa = PBXBuildFile; fileRef = FF0000000000000000000025 /* ServiceEditorSheet.swift */; };
		BB0000000000000000000018 /* WorkEventRow.swift in Sources */ = {isa = PBXBuildFile; fileRef = FF0000000000000000000018 /* WorkEventRow.swift */; };
		BB0000000000000000000019 /* CompanyEditorSheet.swift in Sources */ = {isa = PBXBuildFile; fileRef = FF0000000000000000000019 /* CompanyEditorSheet.swift */; };
		BB0000000000000000000020 /* ReportsView.swift in Sources */ = {isa = PBXBuildFile; fileRef = FF0000000000000000000020 /* ReportsView.swift */; };
		BB0000000000000000000021 /* PreviewSampleData.swift in Sources */ = {isa = PBXBuildFile; fileRef = FF0000000000000000000021 /* PreviewSampleData.swift */; };
		BB0000000000000000000030 /* Assets.xcassets in Resources */ = {isa = PBXBuildFile; fileRef = FF0000000000000000000030 /* Assets.xcassets */; };
		BB0000000000000000000031 /* Preview Assets.xcassets in Resources */ = {isa = PBXBuildFile; fileRef = FF0000000000000000000031 /* Preview Assets.xcassets */; };
/* End PBXBuildFile section */

/* Begin PBXFileReference section */
		FF0000000000000000000001 /* AgendaAVApp.swift */ = {isa = PBXFileReference; lastKnownFileType = sourcecode.swift; path = AgendaAVApp.swift; sourceTree = "<group>"; };
		FF0000000000000000000002 /* ContentView.swift */ = {isa = PBXFileReference; lastKnownFileType = sourcecode.swift; path = ContentView.swift; sourceTree = "<group>"; };
		FF0000000000000000000003 /* AVStyle.swift */ = {isa = PBXFileReference; lastKnownFileType = sourcecode.swift; path = AVStyle.swift; sourceTree = "<group>"; };
		FF0000000000000000000004 /* PaymentStatus.swift */ = {isa = PBXFileReference; lastKnownFileType = sourcecode.swift; path = PaymentStatus.swift; sourceTree = "<group>"; };
		FF0000000000000000000005 /* Company.swift */ = {isa = PBXFileReference; lastKnownFileType = sourcecode.swift; path = Company.swift; sourceTree = "<group>"; };
		FF0000000000000000000024 /* CatalogService.swift */ = {isa = PBXFileReference; lastKnownFileType = sourcecode.swift; path = CatalogService.swift; sourceTree = "<group>"; };
		FF0000000000000000000006 /* WorkEvent.swift */ = {isa = PBXFileReference; lastKnownFileType = sourcecode.swift; path = WorkEvent.swift; sourceTree = "<group>"; };
		FF0000000000000000000027 /* EventReminder.swift */ = {isa = PBXFileReference; lastKnownFileType = sourcecode.swift; path = EventReminder.swift; sourceTree = "<group>"; };
		FF0000000000000000000007 /* ReportPeriod.swift */ = {isa = PBXFileReference; lastKnownFileType = sourcecode.swift; path = ReportPeriod.swift; sourceTree = "<group>"; };
		FF0000000000000000000008 /* CalendarDate.swift */ = {isa = PBXFileReference; lastKnownFileType = sourcecode.swift; path = CalendarDate.swift; sourceTree = "<group>"; };
		FF0000000000000000000026 /* DefaultCatalog.swift */ = {isa = PBXFileReference; lastKnownFileType = sourcecode.swift; path = DefaultCatalog.swift; sourceTree = "<group>"; };
		FF0000000000000000000009 /* ColorHex.swift */ = {isa = PBXFileReference; lastKnownFileType = sourcecode.swift; path = ColorHex.swift; sourceTree = "<group>"; };
		FF0000000000000000000010 /* CurrencyFormat.swift */ = {isa = PBXFileReference; lastKnownFileType = sourcecode.swift; path = CurrencyFormat.swift; sourceTree = "<group>"; };
		FF0000000000000000000011 /* CalendarOccupancy.swift */ = {isa = PBXFileReference; lastKnownFileType = sourcecode.swift; path = CalendarOccupancy.swift; sourceTree = "<group>"; };
		FF0000000000000000000012 /* ReportCalculator.swift */ = {isa = PBXFileReference; lastKnownFileType = sourcecode.swift; path = ReportCalculator.swift; sourceTree = "<group>"; };
		FF0000000000000000000013 /* PDFReportRenderer.swift */ = {isa = PBXFileReference; lastKnownFileType = sourcecode.swift; path = PDFReportRenderer.swift; sourceTree = "<group>"; };
		FF0000000000000000000023 /* InvoicePDFRenderer.swift */ = {isa = PBXFileReference; lastKnownFileType = sourcecode.swift; path = InvoicePDFRenderer.swift; sourceTree = "<group>"; };
		FF0000000000000000000022 /* PersistenceController.swift */ = {isa = PBXFileReference; lastKnownFileType = sourcecode.swift; path = PersistenceController.swift; sourceTree = "<group>"; };
		FF0000000000000000000028 /* EventReminderScheduler.swift */ = {isa = PBXFileReference; lastKnownFileType = sourcecode.swift; path = EventReminderScheduler.swift; sourceTree = "<group>"; };
		FF0000000000000000000014 /* CalendarView.swift */ = {isa = PBXFileReference; lastKnownFileType = sourcecode.swift; path = CalendarView.swift; sourceTree = "<group>"; };
		FF0000000000000000000015 /* MonthGridView.swift */ = {isa = PBXFileReference; lastKnownFileType = sourcecode.swift; path = MonthGridView.swift; sourceTree = "<group>"; };
		FF0000000000000000000016 /* DayAgendaView.swift */ = {isa = PBXFileReference; lastKnownFileType = sourcecode.swift; path = DayAgendaView.swift; sourceTree = "<group>"; };
		FF0000000000000000000017 /* AddEditEventView.swift */ = {isa = PBXFileReference; lastKnownFileType = sourcecode.swift; path = AddEditEventView.swift; sourceTree = "<group>"; };
		FF0000000000000000000025 /* ServiceEditorSheet.swift */ = {isa = PBXFileReference; lastKnownFileType = sourcecode.swift; path = ServiceEditorSheet.swift; sourceTree = "<group>"; };
		FF0000000000000000000018 /* WorkEventRow.swift */ = {isa = PBXFileReference; lastKnownFileType = sourcecode.swift; path = WorkEventRow.swift; sourceTree = "<group>"; };
		FF0000000000000000000019 /* CompanyEditorSheet.swift */ = {isa = PBXFileReference; lastKnownFileType = sourcecode.swift; path = CompanyEditorSheet.swift; sourceTree = "<group>"; };
		FF0000000000000000000020 /* ReportsView.swift */ = {isa = PBXFileReference; lastKnownFileType = sourcecode.swift; path = ReportsView.swift; sourceTree = "<group>"; };
		FF0000000000000000000021 /* PreviewSampleData.swift */ = {isa = PBXFileReference; lastKnownFileType = sourcecode.swift; path = PreviewSampleData.swift; sourceTree = "<group>"; };
		FF0000000000000000000030 /* Assets.xcassets */ = {isa = PBXFileReference; lastKnownFileType = folder.assetcatalog; path = Assets.xcassets; sourceTree = "<group>"; };
		FF0000000000000000000031 /* Preview Assets.xcassets */ = {isa = PBXFileReference; lastKnownFileType = folder.assetcatalog; path = "Preview Assets.xcassets"; sourceTree = "<group>"; };
		FF0000000000000000000032 /* Info.plist */ = {isa = PBXFileReference; lastKnownFileType = text.plist.xml; path = Info.plist; sourceTree = "<group>"; };
		FF0000000000000000000099 /* AgendaAV.app */ = {isa = PBXFileReference; explicitFileType = wrapper.application; includeInIndex = 0; path = AgendaAV.app; sourceTree = BUILT_PRODUCTS_DIR; };
/* End PBXFileReference section */

/* Begin PBXFrameworksBuildPhase section */
		PH0000000000000000000002 /* Frameworks */ = {
			isa = PBXFrameworksBuildPhase;
			buildActionMask = 2147483647;
			files = (
			);
			runOnlyForDeploymentPostprocessing = 0;
		};
/* End PBXFrameworksBuildPhase section */

/* Begin PBXGroup section */
		GR0000000000000000000001 = {
			isa = PBXGroup;
			children = (
				GR0000000000000000000002 /* AgendaAV */,
				GR0000000000000000000003 /* Products */,
			);
			sourceTree = "<group>";
		};
		GR0000000000000000000002 /* AgendaAV */ = {
			isa = PBXGroup;
			children = (
				FF0000000000000000000001 /* AgendaAVApp.swift */,
				FF0000000000000000000002 /* ContentView.swift */,
				GR0000000000000000000010 /* Models */,
				GR0000000000000000000011 /* Utilities */,
				GR0000000000000000000012 /* Services */,
				GR0000000000000000000013 /* Theme */,
				GR0000000000000000000014 /* Views */,
				GR0000000000000000000020 /* Preview Content */,
				FF0000000000000000000030 /* Assets.xcassets */,
				FF0000000000000000000032 /* Info.plist */,
			);
			path = AgendaAV;
			sourceTree = "<group>";
		};
		GR0000000000000000000003 /* Products */ = {
			isa = PBXGroup;
			children = (
				FF0000000000000000000099 /* AgendaAV.app */,
			);
			name = Products;
			sourceTree = "<group>";
		};
		GR0000000000000000000010 /* Models */ = {
			isa = PBXGroup;
			children = (
				FF0000000000000000000004 /* PaymentStatus.swift */,
				FF0000000000000000000005 /* Company.swift */,
				FF0000000000000000000024 /* CatalogService.swift */,
				FF0000000000000000000006 /* WorkEvent.swift */,
				FF0000000000000000000027 /* EventReminder.swift */,
				FF0000000000000000000007 /* ReportPeriod.swift */,
			);
			path = Models;
			sourceTree = "<group>";
		};
		GR0000000000000000000011 /* Utilities */ = {
			isa = PBXGroup;
			children = (
				FF0000000000000000000008 /* CalendarDate.swift */,
				FF0000000000000000000026 /* DefaultCatalog.swift */,
				FF0000000000000000000009 /* ColorHex.swift */,
				FF0000000000000000000010 /* CurrencyFormat.swift */,
			);
			path = Utilities;
			sourceTree = "<group>";
		};
		GR0000000000000000000012 /* Services */ = {
			isa = PBXGroup;
			children = (
				FF0000000000000000000011 /* CalendarOccupancy.swift */,
				FF0000000000000000000012 /* ReportCalculator.swift */,
				FF0000000000000000000013 /* PDFReportRenderer.swift */,
				FF0000000000000000000023 /* InvoicePDFRenderer.swift */,
				FF0000000000000000000022 /* PersistenceController.swift */,
				FF0000000000000000000028 /* EventReminderScheduler.swift */,
			);
			path = Services;
			sourceTree = "<group>";
		};
		GR0000000000000000000013 /* Theme */ = {
			isa = PBXGroup;
			children = (
				FF0000000000000000000003 /* AVStyle.swift */,
			);
			path = Theme;
			sourceTree = "<group>";
		};
		GR0000000000000000000014 /* Views */ = {
			isa = PBXGroup;
			children = (
				GR0000000000000000000015 /* Calendar */,
				GR0000000000000000000016 /* Events */,
				GR0000000000000000000017 /* Companies */,
				GR0000000000000000000018 /* Reports */,
			);
			path = Views;
			sourceTree = "<group>";
		};
		GR0000000000000000000015 /* Calendar */ = {
			isa = PBXGroup;
			children = (
				FF0000000000000000000014 /* CalendarView.swift */,
				FF0000000000000000000015 /* MonthGridView.swift */,
				FF0000000000000000000016 /* DayAgendaView.swift */,
			);
			path = Calendar;
			sourceTree = "<group>";
		};
		GR0000000000000000000016 /* Events */ = {
			isa = PBXGroup;
			children = (
				FF0000000000000000000017 /* AddEditEventView.swift */,
				FF0000000000000000000025 /* ServiceEditorSheet.swift */,
				FF0000000000000000000018 /* WorkEventRow.swift */,
			);
			path = Events;
			sourceTree = "<group>";
		};
		GR0000000000000000000017 /* Companies */ = {
			isa = PBXGroup;
			children = (
				FF0000000000000000000019 /* CompanyEditorSheet.swift */,
			);
			path = Companies;
			sourceTree = "<group>";
		};
		GR0000000000000000000018 /* Reports */ = {
			isa = PBXGroup;
			children = (
				FF0000000000000000000020 /* ReportsView.swift */,
			);
			path = Reports;
			sourceTree = "<group>";
		};
		GR0000000000000000000020 /* Preview Content */ = {
			isa = PBXGroup;
			children = (
				FF0000000000000000000021 /* PreviewSampleData.swift */,
				FF0000000000000000000031 /* Preview Assets.xcassets */,
			);
			path = "Preview Content";
			sourceTree = "<group>";
		};
/* End PBXGroup section */

/* Begin PBXNativeTarget section */
		TA0000000000000000000001 /* AgendaAV */ = {
			isa = PBXNativeTarget;
			buildConfigurationList = CF0000000000000000000002 /* Build configuration list for PBXNativeTarget "AgendaAV" */;
			buildPhases = (
				PH0000000000000000000001 /* Sources */,
				PH0000000000000000000002 /* Frameworks */,
				PH0000000000000000000003 /* Resources */,
			);
			buildRules = (
			);
			dependencies = (
			);
			name = AgendaAV;
			productName = AgendaAV;
			productReference = FF0000000000000000000099 /* AgendaAV.app */;
			productType = "com.apple.product-type.application";
		};
/* End PBXNativeTarget section */

/* Begin PBXProject section */
		PR0000000000000000000001 /* Project object */ = {
			isa = PBXProject;
			attributes = {
				BuildIndependentTargetsInParallel = 1;
				LastSwiftUpdateCheck = 1500;
				LastUpgradeCheck = 1500;
				TargetAttributes = {
					TA0000000000000000000001 = {
						CreatedOnToolsVersion = 15.0;
					};
				};
			};
			buildConfigurationList = CF0000000000000000000001 /* Build configuration list for PBXProject "AgendaAV" */;
			compatibilityVersion = "Xcode 14.0";
			developmentRegion = es;
			hasScannedForEncodings = 0;
			knownRegions = (
				en,
				Base,
				es,
			);
			mainGroup = GR0000000000000000000001;
			productRefGroup = GR0000000000000000000003 /* Products */;
			projectDirPath = "";
			projectRoot = "";
			targets = (
				TA0000000000000000000001 /* AgendaAV */,
			);
		};
/* End PBXProject section */

/* Begin PBXResourcesBuildPhase section */
		PH0000000000000000000003 /* Resources */ = {
			isa = PBXResourcesBuildPhase;
			buildActionMask = 2147483647;
			files = (
				BB0000000000000000000030 /* Assets.xcassets in Resources */,
				BB0000000000000000000031 /* Preview Assets.xcassets in Resources */,
			);
			runOnlyForDeploymentPostprocessing = 0;
		};
/* End PBXResourcesBuildPhase section */

/* Begin PBXSourcesBuildPhase section */
		PH0000000000000000000001 /* Sources */ = {
			isa = PBXSourcesBuildPhase;
			buildActionMask = 2147483647;
			files = (
				BB0000000000000000000001 /* AgendaAVApp.swift in Sources */,
				BB0000000000000000000002 /* ContentView.swift in Sources */,
				BB0000000000000000000003 /* AVStyle.swift in Sources */,
				BB0000000000000000000004 /* PaymentStatus.swift in Sources */,
				BB0000000000000000000005 /* Company.swift in Sources */,
				BB0000000000000000000024 /* CatalogService.swift in Sources */,
				BB0000000000000000000006 /* WorkEvent.swift in Sources */,
				BB0000000000000000000027 /* EventReminder.swift in Sources */,
				BB0000000000000000000007 /* ReportPeriod.swift in Sources */,
				BB0000000000000000000008 /* CalendarDate.swift in Sources */,
				BB0000000000000000000026 /* DefaultCatalog.swift in Sources */,
				BB0000000000000000000009 /* ColorHex.swift in Sources */,
				BB0000000000000000000010 /* CurrencyFormat.swift in Sources */,
				BB0000000000000000000011 /* CalendarOccupancy.swift in Sources */,
				BB0000000000000000000012 /* ReportCalculator.swift in Sources */,
				BB0000000000000000000013 /* PDFReportRenderer.swift in Sources */,
				BB0000000000000000000023 /* InvoicePDFRenderer.swift in Sources */,
				BB0000000000000000000022 /* PersistenceController.swift in Sources */,
				BB0000000000000000000028 /* EventReminderScheduler.swift in Sources */,
				BB0000000000000000000014 /* CalendarView.swift in Sources */,
				BB0000000000000000000015 /* MonthGridView.swift in Sources */,
				BB0000000000000000000016 /* DayAgendaView.swift in Sources */,
				BB0000000000000000000017 /* AddEditEventView.swift in Sources */,
				BB0000000000000000000025 /* ServiceEditorSheet.swift in Sources */,
				BB0000000000000000000018 /* WorkEventRow.swift in Sources */,
				BB0000000000000000000019 /* CompanyEditorSheet.swift in Sources */,
				BB0000000000000000000020 /* ReportsView.swift in Sources */,
				BB0000000000000000000021 /* PreviewSampleData.swift in Sources */,
			);
			runOnlyForDeploymentPostprocessing = 0;
		};
/* End PBXSourcesBuildPhase section */

/* Begin XCBuildConfiguration section */
		XC0000000000000000000001 /* Debug */ = {
			isa = XCBuildConfiguration;
			buildSettings = {
				ALWAYS_SEARCH_USER_PATHS = NO;
				ASSETCATALOG_COMPILER_GENERATE_SWIFT_ASSET_SYMBOL_EXTENSIONS = YES;
				CLANG_ANALYZER_NONNULL = YES;
				CLANG_ANALYZER_NUMBER_OBJECT_CONVERSION = YES_AGGRESSIVE;
				CLANG_CXX_LANGUAGE_STANDARD = "gnu++20";
				CLANG_ENABLE_MODULES = YES;
				CLANG_ENABLE_OBJC_ARC = YES;
				CLANG_ENABLE_OBJC_WEAK = YES;
				COPY_PHASE_STRIP = NO;
				DEBUG_INFORMATION_FORMAT = dwarf;
				ENABLE_STRICT_OBJC_MSGSEND = YES;
				ENABLE_TESTABILITY = YES;
				ENABLE_USER_SCRIPT_SANDBOXING = YES;
				GCC_DYNAMIC_NO_PIC = NO;
				GCC_NO_COMMON_BLOCKS = YES;
				GCC_OPTIMIZATION_LEVEL = 0;
				GCC_PREPROCESSOR_DEFINITIONS = (
					"DEBUG=1",
					"$(inherited)",
				);
				GCC_WARN_64_TO_32_BIT_CONVERSION = YES;
				GCC_WARN_ABOUT_RETURN_TYPE = YES_ERROR;
				GCC_WARN_UNDECLARED_SELECTOR = YES;
				GCC_WARN_UNINITIALIZED_AUTOS = YES_AGGRESSIVE;
				GCC_WARN_UNUSED_FUNCTION = YES;
				GCC_WARN_UNUSED_VARIABLE = YES;
				IPHONEOS_DEPLOYMENT_TARGET = 17.0;
				LOCALIZATION_PREFERS_STRING_CATALOGS = YES;
				MTL_ENABLE_DEBUG_INFO = INCLUDE_SOURCE;
				MTL_FAST_MATH = YES;
				ONLY_ACTIVE_ARCH = YES;
				SDKROOT = iphoneos;
				SWIFT_ACTIVE_COMPILATION_CONDITIONS = "DEBUG $(inherited)";
				SWIFT_OPTIMIZATION_LEVEL = "-Onone";
			};
			name = Debug;
		};
		XC0000000000000000000002 /* Release */ = {
			isa = XCBuildConfiguration;
			buildSettings = {
				ALWAYS_SEARCH_USER_PATHS = NO;
				ASSETCATALOG_COMPILER_GENERATE_SWIFT_ASSET_SYMBOL_EXTENSIONS = YES;
				CLANG_ANALYZER_NONNULL = YES;
				CLANG_ANALYZER_NUMBER_OBJECT_CONVERSION = YES_AGGRESSIVE;
				CLANG_CXX_LANGUAGE_STANDARD = "gnu++20";
				CLANG_ENABLE_MODULES = YES;
				CLANG_ENABLE_OBJC_ARC = YES;
				CLANG_ENABLE_OBJC_WEAK = YES;
				COPY_PHASE_STRIP = NO;
				DEBUG_INFORMATION_FORMAT = "dwarf-with-dsym";
				ENABLE_NS_ASSERTIONS = NO;
				ENABLE_STRICT_OBJC_MSGSEND = YES;
				ENABLE_USER_SCRIPT_SANDBOXING = YES;
				GCC_NO_COMMON_BLOCKS = YES;
				GCC_WARN_64_TO_32_BIT_CONVERSION = YES;
				GCC_WARN_ABOUT_RETURN_TYPE = YES_ERROR;
				GCC_WARN_UNDECLARED_SELECTOR = YES;
				GCC_WARN_UNINITIALIZED_AUTOS = YES_AGGRESSIVE;
				GCC_WARN_UNUSED_FUNCTION = YES;
				GCC_WARN_UNUSED_VARIABLE = YES;
				IPHONEOS_DEPLOYMENT_TARGET = 17.0;
				LOCALIZATION_PREFERS_STRING_CATALOGS = YES;
				MTL_ENABLE_DEBUG_INFO = NO;
				MTL_FAST_MATH = YES;
				SDKROOT = iphoneos;
				SWIFT_COMPILATION_MODE = wholemodule;
				VALIDATE_PRODUCT = YES;
			};
			name = Release;
		};
		XC0000000000000000000003 /* Debug */ = {
			isa = XCBuildConfiguration;
			buildSettings = {
				ASSETCATALOG_COMPILER_APPICON_NAME = AppIcon;
				ASSETCATALOG_COMPILER_GLOBAL_ACCENT_COLOR_NAME = AccentColor;
				CODE_SIGN_STYLE = Automatic;
				CURRENT_PROJECT_VERSION = 1;
				DEVELOPMENT_ASSET_PATHS = "\"AgendaAV/Preview Content\"";
				ENABLE_PREVIEWS = YES;
				GENERATE_INFOPLIST_FILE = YES;
				INFOPLIST_FILE = AgendaAV/Info.plist;
				INFOPLIST_KEY_CFBundleDisplayName = "Agenda AV";
				INFOPLIST_KEY_LSApplicationCategoryType = "public.app-category.business";
				INFOPLIST_KEY_UIApplicationSceneManifest_Generation = YES;
				INFOPLIST_KEY_UIApplicationSupportsIndirectInputEvents = YES;
				INFOPLIST_KEY_UILaunchScreen_Generation = YES;
				INFOPLIST_KEY_UISupportedInterfaceOrientations_iPhone = "UIInterfaceOrientationPortrait UIInterfaceOrientationLandscapeLeft UIInterfaceOrientationLandscapeRight";
				IPHONEOS_DEPLOYMENT_TARGET = 17.0;
				LD_RUNPATH_SEARCH_PATHS = (
					"$(inherited)",
					"@executable_path/Frameworks",
				);
				MARKETING_VERSION = 1.0;
				PRODUCT_BUNDLE_IDENTIFIER = com.freelance.AgendaAV;
				PRODUCT_NAME = "$(TARGET_NAME)";
				SUPPORTED_PLATFORMS = "iphoneos iphonesimulator";
				SUPPORTS_MACCATALYST = NO;
				SWIFT_EMIT_LOC_STRINGS = YES;
				SWIFT_STRICT_CONCURRENCY = targeted;
				SWIFT_VERSION = 5.0;
				TARGETED_DEVICE_FAMILY = 1;
			};
			name = Debug;
		};
		XC0000000000000000000004 /* Release */ = {
			isa = XCBuildConfiguration;
			buildSettings = {
				ASSETCATALOG_COMPILER_APPICON_NAME = AppIcon;
				ASSETCATALOG_COMPILER_GLOBAL_ACCENT_COLOR_NAME = AccentColor;
				CODE_SIGN_STYLE = Automatic;
				CURRENT_PROJECT_VERSION = 1;
				DEVELOPMENT_ASSET_PATHS = "\"AgendaAV/Preview Content\"";
				ENABLE_PREVIEWS = YES;
				GENERATE_INFOPLIST_FILE = YES;
				INFOPLIST_FILE = AgendaAV/Info.plist;
				INFOPLIST_KEY_CFBundleDisplayName = "Agenda AV";
				INFOPLIST_KEY_LSApplicationCategoryType = "public.app-category.business";
				INFOPLIST_KEY_UIApplicationSceneManifest_Generation = YES;
				INFOPLIST_KEY_UIApplicationSupportsIndirectInputEvents = YES;
				INFOPLIST_KEY_UILaunchScreen_Generation = YES;
				INFOPLIST_KEY_UISupportedInterfaceOrientations_iPhone = "UIInterfaceOrientationPortrait UIInterfaceOrientationLandscapeLeft UIInterfaceOrientationLandscapeRight";
				IPHONEOS_DEPLOYMENT_TARGET = 17.0;
				LD_RUNPATH_SEARCH_PATHS = (
					"$(inherited)",
					"@executable_path/Frameworks",
				);
				MARKETING_VERSION = 1.0;
				PRODUCT_BUNDLE_IDENTIFIER = com.freelance.AgendaAV;
				PRODUCT_NAME = "$(TARGET_NAME)";
				SUPPORTED_PLATFORMS = "iphoneos iphonesimulator";
				SUPPORTS_MACCATALYST = NO;
				SWIFT_EMIT_LOC_STRINGS = YES;
				SWIFT_STRICT_CONCURRENCY = targeted;
				SWIFT_VERSION = 5.0;
				TARGETED_DEVICE_FAMILY = 1;
			};
			name = Release;
		};
/* End XCBuildConfiguration section */

/* Begin XCConfigurationList section */
		CF0000000000000000000001 /* Build configuration list for PBXProject "AgendaAV" */ = {
			isa = XCConfigurationList;
			buildConfigurations = (
				XC0000000000000000000001 /* Debug */,
				XC0000000000000000000002 /* Release */,
			);
			defaultConfigurationIsVisible = 0;
			defaultConfigurationName = Release;
		};
		CF0000000000000000000002 /* Build configuration list for PBXNativeTarget "AgendaAV" */ = {
			isa = XCConfigurationList;
			buildConfigurations = (
				XC0000000000000000000003 /* Debug */,
				XC0000000000000000000004 /* Release */,
			);
			defaultConfigurationIsVisible = 0;
			defaultConfigurationName = Release;
		};
/* End XCConfigurationList section */
	};
	rootObject = PR0000000000000000000001 /* Project object */;
}
